
Microsoft Visual Studio Solution File, Format Version 12.00
# Visual Studio Version 17
VisualStudioVersion = 17.14.36623.8
MinimumVisualStudioVersion = 10.0.40219.1
Project("{FAE04EC0-301F-11D3-BF4B-00C04F79EFBC}") = "QuanLyCoffe", "..\QuanLyCoffee\QuanLyCoffe\QuanLyCoffe\QuanLyCoffe.csproj", "{2C9BB80C-71BD-4EA2-AC9D-42A7D04E04F9}"
EndProject
Global
	GlobalSection(SolutionConfigurationPlatforms) = preSolution
		Debug|Any CPU = Debug|Any CPU
		Release|Any CPU = Release|Any CPU
	EndGlobalSection
	GlobalSection(ProjectConfigurationPlatforms) = postSolution
		{2C9BB80C-71BD-4EA2-AC9D-42A7D04E04F9}.Debug|Any CPU.ActiveCfg = Debug|Any CPU
		{2C9BB80C-71BD-4EA2-AC9D-42A7D04E04F9}.Debug|Any CPU.Build.0 = Debug|Any CPU
		{2C9BB80C-71BD-4EA2-AC9D-42A7D04E04F9}.Release|Any CPU.ActiveCfg = Release|Any CPU
		{2C9BB80C-71BD-4EA2-AC9D-42A7D04E04F9}.Release|Any CPU.Build.0 = Release|Any CPU
	EndGlobalSection
	GlobalSection(SolutionProperties) = preSolution
		HideSolutionNode = FALSE
	EndGlobalSection
	GlobalSection(ExtensibilityGlobals) = postSolution
		SolutionGuid = {E3EA6163-C0CF-4807-B561-A9008E08DE41}
	EndGlobalSection
EndGlobal
